version: 5
environments:
  default:
    channels:
    - url: https://conda.anaconda.org/conda-forge/
    packages:
      win-64:
      - conda: https://conda.anaconda.org/conda-forge/win-64/m2-conda-epoch-20230914-0_x86_64.conda
      - conda: https://conda.anaconda.org/conda-forge/noarch/m2-msys2-runtime-3.4.9.1-hd8ed1ab_4.conda
      - conda: https://conda.anaconda.org/conda-forge/noarch/m2-patch-2.7.6.2-hd8ed1ab_4.conda
      - conda: https://conda.anaconda.org/conda-forge/win-64/rattler-build-0.29.0-h49672d7_1.conda
      - conda: https://conda.anaconda.org/conda-forge/win-64/ucrt-10.0.22621.0-h57928b3_1.conda
      - conda: https://conda.anaconda.org/conda-forge/win-64/vc-14.3-ha32ba9b_22.conda
      - conda: https://conda.anaconda.org/conda-forge/win-64/vc14_runtime-14.40.33810-hcc2c482_22.conda
packages:
- kind: conda
  name: m2-conda-epoch
  version: '20230914'
  build: 0_x86_64
  subdir: win-64
  url: https://conda.anaconda.org/conda-forge/win-64/m2-conda-epoch-20230914-0_x86_64.conda
  sha256: 5514efb349d06a8dfe7966b64a3076efad461934e35da9e84c0693a36097fe77
  md5: e2a0da44f380c05e8d1f897ed3ec3ce0
  constrains:
  - msys2-conda-epoch <0.0a0
  license: BSD-3-Clause
  license_family: BSD
  size: 6961
  timestamp: 1696161055254
- kind: conda
  name: m2-msys2-runtime
  version: 3.4.9.1
  build: hd8ed1ab_4
  build_number: 4
  subdir: noarch
  noarch: generic
  url: https://conda.anaconda.org/conda-forge/noarch/m2-msys2-runtime-3.4.9.1-hd8ed1ab_4.conda
  sha256: e505bf056171089c761b600d21dee062ad1c962b892ca8a7bc852211e3fd3273
  md5: 77d17c947f9014b2b97a267c5e95cbf2
  depends:
  - m2-conda-epoch 20230914 *_x86_64
  - m2-conda-epoch 20230914.*
  license: GPL
  size: 1918370
  timestamp: 1719980096293
- kind: conda
  name: m2-patch
  version: 2.7.6.2
  build: hd8ed1ab_4
  build_number: 4
  subdir: noarch
  noarch: generic
  url: https://conda.anaconda.org/conda-forge/noarch/m2-patch-2.7.6.2-hd8ed1ab_4.conda
  sha256: c53d091882a43cfc49f74be7c3d74d41856eac9a2cd62424d31c78b3ae5d313f
  md5: ace92cb3c819c9baa7f90a9e58435ba8
  depends:
  - m2-conda-epoch 20230914 *_x86_64
  - m2-conda-epoch 20230914.*
  - m2-msys2-runtime
  license: GPL
  size: 132160
  timestamp: 1719980487208
- kind: conda
  name: rattler-build
  version: 0.29.0
  build: h49672d7_1
  build_number: 1
  subdir: win-64
  url: https://conda.anaconda.org/conda-forge/win-64/rattler-build-0.29.0-h49672d7_1.conda
  sha256: 90ef9b3a51bb8fef0ef481b4a710c3c5042d3dd3240e62613dc7a35bf5c4712b
  md5: 20da1ed142dd2c94bacb123e7559384b
  depends:
  - ucrt >=10.0.20348.0
  - vc >=14.3,<15
  - vc14_runtime >=14.40.33810
  license: BSD-3-Clause
  size: 8155169
  timestamp: 1731020976885
- kind: conda
  name: ucrt
  version: 10.0.22621.0
  build: h57928b3_1
  build_number: 1
  subdir: win-64
  url: https://conda.anaconda.org/conda-forge/win-64/ucrt-10.0.22621.0-h57928b3_1.conda
  sha256: db8dead3dd30fb1a032737554ce91e2819b43496a0db09927edf01c32b577450
  md5: 6797b005cd0f439c4c5c9ac565783700
  constrains:
  - vs2015_runtime >=14.29.30037
  license: LicenseRef-MicrosoftWindowsSDK10
  size: 559710
  timestamp: 1728377334097
- kind: conda
  name: vc
  version: '14.3'
  build: ha32ba9b_22
  build_number: 22
  subdir: win-64
  url: https://conda.anaconda.org/conda-forge/win-64/vc-14.3-ha32ba9b_22.conda
  sha256: 2a47c5bd8bec045959afada7063feacd074ad66b170c1ea92dd139b389fcf8fd
  md5: 311c9ba1dfdd2895a8cb08346ff26259
  depends:
  - vc14_runtime >=14.38.33135
  track_features:
  - vc14
  license: BSD-3-Clause
  license_family: BSD
  size: 17447
  timestamp: 1728400826998
- kind: conda
  name: vc14_runtime
  version: 14.40.33810
  build: hcc2c482_22
  build_number: 22
  subdir: win-64
  url: https://conda.anaconda.org/conda-forge/win-64/vc14_runtime-14.40.33810-hcc2c482_22.conda
  sha256: 4c669c65007f88a7cdd560192f7e6d5679d191ac71610db724e18b2410964d64
  md5: ce23a4b980ee0556a118ed96550ff3f3
  depends:
  - ucrt >=10.0.20348.0
  constrains:
  - vs2015_runtime 14.40.33810.* *_22
  license: LicenseRef-MicrosoftVisualCpp2015-2022Runtime
  license_family: Proprietary
  size: 750719
  timestamp: 1728401055788
